
Microsoft Visual Studio Solution File, Format Version 12.00
# Visual Studio Version 17
VisualStudioVersion = 17.3.32901.215
MinimumVisualStudioVersion = 10.0.40219.1
Project("{9A19103F-16F7-4668-BE54-9A1E7A4F7556}") = "Ticketek", "Ticketek\Ticketek.csproj", "{2BA04469-5AA5-4FD7-8C4E-907C0216D5DC}"
EndProject
Project("{9A19103F-16F7-4668-BE54-9A1E7A4F7556}") = "Entidades", "Entidades\Entidades.csproj", "{B6A7097D-7275-430C-B93C-70EC8109E9E8}"
EndProject
Global
	GlobalSection(SolutionConfigurationPlatforms) = preSolution
		Debug|Any CPU = Debug|Any CPU
		Release|Any CPU = Release|Any CPU
	EndGlobalSection
	GlobalSection(ProjectConfigurationPlatforms) = postSolution
		{2BA04469-5AA5-4FD7-8C4E-907C0216D5DC}.Debug|Any CPU.ActiveCfg = Debug|Any CPU
		{2BA04469-5AA5-4FD7-8C4E-907C0216D5DC}.Debug|Any CPU.Build.0 = Debug|Any CPU
		{2BA04469-5AA5-4FD7-8C4E-907C0216D5DC}.Release|Any CPU.ActiveCfg = Release|Any CPU
		{2BA04469-5AA5-4FD7-8C4E-907C0216D5DC}.Release|Any CPU.Build.0 = Release|Any CPU
		{B6A7097D-7275-430C-B93C-70EC8109E9E8}.Debug|Any CPU.ActiveCfg = Debug|Any CPU
		{B6A7097D-7275-430C-B93C-70EC8109E9E8}.Debug|Any CPU.Build.0 = Debug|Any CPU
		{B6A7097D-7275-430C-B93C-70EC8109E9E8}.Release|Any CPU.ActiveCfg = Release|Any CPU
		{B6A7097D-7275-430C-B93C-70EC8109E9E8}.Release|Any CPU.Build.0 = Release|Any CPU
	EndGlobalSection
	GlobalSection(SolutionProperties) = preSolution
		HideSolutionNode = FALSE
	EndGlobalSection
	GlobalSection(ExtensibilityGlobals) = postSolution
		SolutionGuid = {3CF4A10C-EF79-4A56-84AE-86B6D7D1D912}
	EndGlobalSection
EndGlobal
